
Microsoft Visual Studio Solution File, Format Version 12.00
# Visual Studio 15
VisualStudioVersion = 15.0.26124.0
MinimumVisualStudioVersion = 15.0.26124.0
Project("{2150E333-8FDC-42A3-9474-1A3956D46DE8}") = "test", "test", "{D1EABE62-E0F4-4B62-9F4B-61A9D5BE5412}"
EndProject
Project("{FAE04EC0-301F-11D3-BF4B-00C04F79EFBC}") = "HbaseNetCore", "test\HbaseNetCore\HbaseNetCore.csproj", "{7228B802-43F5-4D6F-B0EA-E3EF92E39AE6}"
EndProject
Project("{2150E333-8FDC-42A3-9474-1A3956D46DE8}") = "src", "src", "{83AB9EFC-7A1F-4DB8-8BDE-D875A17573B1}"
EndProject
Project("{FAE04EC0-301F-11D3-BF4B-00C04F79EFBC}") = "Utilities", "src\Utilities\Utilities.csproj", "{16900F6E-5BF6-4934-832B-64890E6DC96E}"
EndProject
Project("{FAE04EC0-301F-11D3-BF4B-00C04F79EFBC}") = "ThriftHbaseNetCore", "src\ThriftHbaseNetCore\ThriftHbaseNetCore.csproj", "{6B597D85-93D9-4623-900D-28A1274C7BC4}"
EndProject
Project("{FAE04EC0-301F-11D3-BF4B-00C04F79EFBC}") = "Thrift2HbaseNetCore", "src\Thrift2HbaseNetCore\Thrift2HbaseNetCore.csproj", "{D708E9FB-A78E-4760-B076-CE726325B6E8}"
EndProject
Project("{FAE04EC0-301F-11D3-BF4B-00C04F79EFBC}") = "Thrift", "src\Thrift\Thrift.csproj", "{B095A5EC-8C25-46A1-806A-A60C7950F4B0}"
EndProject
Global
	GlobalSection(SolutionConfigurationPlatforms) = preSolution
		Debug|Any CPU = Debug|Any CPU
		Debug|x64 = Debug|x64
		Debug|x86 = Debug|x86
		Release|Any CPU = Release|Any CPU
		Release|x64 = Release|x64
		Release|x86 = Release|x86
	EndGlobalSection
	GlobalSection(ProjectConfigurationPlatforms) = postSolution
		{7228B802-43F5-4D6F-B0EA-E3EF92E39AE6}.Debug|Any CPU.ActiveCfg = Debug|Any CPU
		{7228B802-43F5-4D6F-B0EA-E3EF92E39AE6}.Debug|Any CPU.Build.0 = Debug|Any CPU
		{7228B802-43F5-4D6F-B0EA-E3EF92E39AE6}.Debug|x64.ActiveCfg = Debug|Any CPU
		{7228B802-43F5-4D6F-B0EA-E3EF92E39AE6}.Debug|x64.Build.0 = Debug|Any CPU
		{7228B802-43F5-4D6F-B0EA-E3EF92E39AE6}.Debug|x86.ActiveCfg = Debug|Any CPU
		{7228B802-43F5-4D6F-B0EA-E3EF92E39AE6}.Debug|x86.Build.0 = Debug|Any CPU
		{7228B802-43F5-4D6F-B0EA-E3EF92E39AE6}.Release|Any CPU.ActiveCfg = Release|Any CPU
		{7228B802-43F5-4D6F-B0EA-E3EF92E39AE6}.Release|Any CPU.Build.0 = Release|Any CPU
		{7228B802-43F5-4D6F-B0EA-E3EF92E39AE6}.Release|x64.ActiveCfg = Release|Any CPU
		{7228B802-43F5-4D6F-B0EA-E3EF92E39AE6}.Release|x64.Build.0 = Release|Any CPU
		{7228B802-43F5-4D6F-B0EA-E3EF92E39AE6}.Release|x86.ActiveCfg = Release|Any CPU
		{7228B802-43F5-4D6F-B0EA-E3EF92E39AE6}.Release|x86.Build.0 = Release|Any CPU
		{16900F6E-5BF6-4934-832B-64890E6DC96E}.Debug|Any CPU.ActiveCfg = Debug|Any CPU
		{16900F6E-5BF6-4934-832B-64890E6DC96E}.Debug|Any CPU.Build.0 = Debug|Any CPU
		{16900F6E-5BF6-4934-832B-64890E6DC96E}.Debug|x64.ActiveCfg = Debug|Any CPU
		{16900F6E-5BF6-4934-832B-64890E6DC96E}.Debug|x64.Build.0 = Debug|Any CPU
		{16900F6E-5BF6-4934-832B-64890E6DC96E}.Debug|x86.ActiveCfg = Debug|Any CPU
		{16900F6E-5BF6-4934-832B-64890E6DC96E}.Debug|x86.Build.0 = Debug|Any CPU
		{16900F6E-5BF6-4934-832B-64890E6DC96E}.Release|Any CPU.ActiveCfg = Release|Any CPU
		{16900F6E-5BF6-4934-832B-64890E6DC96E}.Release|Any CPU.Build.0 = Release|Any CPU
		{16900F6E-5BF6-4934-832B-64890E6DC96E}.Release|x64.ActiveCfg = Release|Any CPU
		{16900F6E-5BF6-4934-832B-64890E6DC96E}.Release|x64.Build.0 = Release|Any CPU
		{16900F6E-5BF6-4934-832B-64890E6DC96E}.Release|x86.ActiveCfg = Release|Any CPU
		{16900F6E-5BF6-4934-832B-64890E6DC96E}.Release|x86.Build.0 = Release|Any CPU
		{6B597D85-93D9-4623-900D-28A1274C7BC4}.Debug|Any CPU.ActiveCfg = Debug|Any CPU
		{6B597D85-93D9-4623-900D-28A1274C7BC4}.Debug|Any CPU.Build.0 = Debug|Any CPU
		{6B597D85-93D9-4623-900D-28A1274C7BC4}.Debug|x64.ActiveCfg = Debug|Any CPU
		{6B597D85-93D9-4623-900D-28A1274C7BC4}.Debug|x64.Build.0 = Debug|Any CPU
		{6B597D85-93D9-4623-900D-28A1274C7BC4}.Debug|x86.ActiveCfg = Debug|Any CPU
		{6B597D85-93D9-4623-900D-28A1274C7BC4}.Debug|x86.Build.0 = Debug|Any CPU
		{6B597D85-93D9-4623-900D-28A1274C7BC4}.Release|Any CPU.ActiveCfg = Release|Any CPU
		{6B597D85-93D9-4623-900D-28A1274C7BC4}.Release|Any CPU.Build.0 = Release|Any CPU
		{6B597D85-93D9-4623-900D-28A1274C7BC4}.Release|x64.ActiveCfg = Release|Any CPU
		{6B597D85-93D9-4623-900D-28A1274C7BC4}.Release|x64.Build.0 = Release|Any CPU
		{6B597D85-93D9-4623-900D-28A1274C7BC4}.Release|x86.ActiveCfg = Release|Any CPU
		{6B597D85-93D9-4623-900D-28A1274C7BC4}.Release|x86.Build.0 = Release|Any CPU
		{D708E9FB-A78E-4760-B076-CE726325B6E8}.Debug|Any CPU.ActiveCfg = Debug|Any CPU
		{D708E9FB-A78E-4760-B076-CE726325B6E8}.Debug|Any CPU.Build.0 = Debug|Any CPU
		{D708E9FB-A78E-4760-B076-CE726325B6E8}.Debug|x64.ActiveCfg = Debug|Any CPU
		{D708E9FB-A78E-4760-B076-CE726325B6E8}.Debug|x64.Build.0 = Debug|Any CPU
		{D708E9FB-A78E-4760-B076-CE726325B6E8}.Debug|x86.ActiveCfg = Debug|Any CPU
		{D708E9FB-A78E-4760-B076-CE726325B6E8}.Debug|x86.Build.0 = Debug|Any CPU
		{D708E9FB-A78E-4760-B076-CE726325B6E8}.Release|Any CPU.ActiveCfg = Release|Any CPU
		{D708E9FB-A78E-4760-B076-CE726325B6E8}.Release|Any CPU.Build.0 = Release|Any CPU
		{D708E9FB-A78E-4760-B076-CE726325B6E8}.Release|x64.ActiveCfg = Release|Any CPU
		{D708E9FB-A78E-4760-B076-CE726325B6E8}.Release|x64.Build.0 = Release|Any CPU
		{D708E9FB-A78E-4760-B076-CE726325B6E8}.Release|x86.ActiveCfg = Release|Any CPU
		{D708E9FB-A78E-4760-B076-CE726325B6E8}.Release|x86.Build.0 = Release|Any CPU
		{B095A5EC-8C25-46A1-806A-A60C7950F4B0}.Debug|Any CPU.ActiveCfg = Debug|Any CPU
		{B095A5EC-8C25-46A1-806A-A60C7950F4B0}.Debug|Any CPU.Build.0 = Debug|Any CPU
		{B095A5EC-8C25-46A1-806A-A60C7950F4B0}.Debug|x64.ActiveCfg = Debug|Any CPU
		{B095A5EC-8C25-46A1-806A-A60C7950F4B0}.Debug|x64.Build.0 = Debug|Any CPU
		{B095A5EC-8C25-46A1-806A-A60C7950F4B0}.Debug|x86.ActiveCfg = Debug|Any CPU
		{B095A5EC-8C25-46A1-806A-A60C7950F4B0}.Debug|x86.Build.0 = Debug|Any CPU
		{B095A5EC-8C25-46A1-806A-A60C7950F4B0}.Release|Any CPU.ActiveCfg = Release|Any CPU
		{B095A5EC-8C25-46A1-806A-A60C7950F4B0}.Release|Any CPU.Build.0 = Release|Any CPU
		{B095A5EC-8C25-46A1-806A-A60C7950F4B0}.Release|x64.ActiveCfg = Release|Any CPU
		{B095A5EC-8C25-46A1-806A-A60C7950F4B0}.Release|x64.Build.0 = Release|Any CPU
		{B095A5EC-8C25-46A1-806A-A60C7950F4B0}.Release|x86.ActiveCfg = Release|Any CPU
		{B095A5EC-8C25-46A1-806A-A60C7950F4B0}.Release|x86.Build.0 = Release|Any CPU
	EndGlobalSection
	GlobalSection(NestedProjects) = preSolution
		{7228B802-43F5-4D6F-B0EA-E3EF92E39AE6} = {D1EABE62-E0F4-4B62-9F4B-61A9D5BE5412}
		{16900F6E-5BF6-4934-832B-64890E6DC96E} = {83AB9EFC-7A1F-4DB8-8BDE-D875A17573B1}
		{6B597D85-93D9-4623-900D-28A1274C7BC4} = {83AB9EFC-7A1F-4DB8-8BDE-D875A17573B1}
		{D708E9FB-A78E-4760-B076-CE726325B6E8} = {83AB9EFC-7A1F-4DB8-8BDE-D875A17573B1}
		{B095A5EC-8C25-46A1-806A-A60C7950F4B0} = {83AB9EFC-7A1F-4DB8-8BDE-D875A17573B1}
	EndGlobalSection
EndGlobal
